
Microsoft Visual Studio Solution File, Format Version 12.00
# Visual Studio Version 17
VisualStudioVersion = 17.8.34330.188
MinimumVisualStudioVersion = 10.0.40219.1
Project("{FAE04EC0-301F-11D3-BF4B-00C04F79EFBC}") = "RSI_REST_SERVER", "RSI_REST_SERVER.csproj", "{C81A72AD-EFA6-444A-844D-23826961EEC1}"
EndProject
Global
	GlobalSection(SolutionConfigurationPlatforms) = preSolution
		Debug|Any CPU = Debug|Any CPU
		Release|Any CPU = Release|Any CPU
	EndGlobalSection
	GlobalSection(ProjectConfigurationPlatforms) = postSolution
		{C81A72AD-EFA6-444A-844D-23826961EEC1}.Debug|Any CPU.ActiveCfg = Debug|Any CPU
		{C81A72AD-EFA6-444A-844D-23826961EEC1}.Debug|Any CPU.Build.0 = Debug|Any CPU
		{C81A72AD-EFA6-444A-844D-23826961EEC1}.Release|Any CPU.ActiveCfg = Release|Any CPU
		{C81A72AD-EFA6-444A-844D-23826961EEC1}.Release|Any CPU.Build.0 = Release|Any CPU
	EndGlobalSection
	GlobalSection(SolutionProperties) = preSolution
		HideSolutionNode = FALSE
	EndGlobalSection
	GlobalSection(ExtensibilityGlobals) = postSolution
		SolutionGuid = {9CF5C928-545C-4EE8-B623-14B0CAFC2AFB}
	EndGlobalSection
EndGlobal
